// !$*UTF8*$!
{
	archiveVersion = 1;
	classes = {
	};
	objectVersion = 50;
	objects = {

/* Begin PBXBuildFile section */
		66F70E8DDA5CDE6775053F95 /* Pods_cornerClippingCrash.framework in Frameworks */ = {isa = PBXBuildFile; fileRef = 71BF3955B15720782AE5B338 /* Pods_cornerClippingCrash.framework */; };
		99357F7320F602F000F254EC /* AppDelegate.swift in Sources */ = {isa = PBXBuildFile; fileRef = 99357F7220F602F000F254EC /* AppDelegate.swift */; };
		99357F7520F602F000F254EC /* ViewController.swift in Sources */ = {isa = PBXBuildFile; fileRef = 99357F7420F602F000F254EC /* ViewController.swift */; };
		99357F7820F602F000F254EC /* Main.storyboard in Resources */ = {isa = PBXBuildFile; fileRef = 99357F7620F602F000F254EC /* Main.storyboard */; };
		99357F7A20F602F200F254EC /* Assets.xcassets in Resources */ = {isa = PBXBuildFile; fileRef = 99357F7920F602F200F254EC /* Assets.xcassets */; };
		99357F7D20F602F200F254EC /* LaunchScreen.storyboard in Resources */ = {isa = PBXBuildFile; fileRef = 99357F7B20F602F200F254EC /* LaunchScreen.storyboard */; };
/* End PBXBuildFile section */

/* Begin PBXFileReference section */
		71BF3955B15720782AE5B338 /* Pods_cornerClippingCrash.framework */ = {isa = PBXFileReference; explicitFileType = wrapper.framework; includeInIndex = 0; path = Pods_cornerClippingCrash.framework; sourceTree = BUILT_PRODUCTS_DIR; };
		99357F6F20F602F000F254EC /* cornerClippingCrash.app */ = {isa = PBXFileReference; explicitFileType = wrapper.application; includeInIndex = 0; path = cornerClippingCrash.app; sourceTree = BUILT_PRODUCTS_DIR; };
		99357F7220F602F000F254EC /* AppDelegate.swift */ = {isa = PBXFileReference; lastKnownFileType = sourcecode.swift; path = AppDelegate.swift; sourceTree = "<group>"; };
		99357F7420F602F000F254EC /* ViewController.swift */ = {isa = PBXFileReference; lastKnownFileType = sourcecode.swift; path = ViewController.swift; sourceTree = "<group>"; };
		99357F7720F602F000F254EC /* Base */ = {isa = PBXFileReference; lastKnownFileType = file.storyboard; name = Base; path = Base.lproj/Main.storyboard; sourceTree = "<group>"; };
		99357F7920F602F200F254EC /* Assets.xcassets */ = {isa = PBXFileReference; lastKnownFileType = folder.assetcatalog; path = Assets.xcassets; sourceTree = "<group>"; };
		99357F7C20F602F200F254EC /* Base */ = {isa = PBXFileReference; lastKnownFileType = file.storyboard; name = Base; path = Base.lproj/LaunchScreen.storyboard; sourceTree = "<group>"; };
		99357F7E20F602F200F254EC /* Info.plist */ = {isa = PBXFileReference; lastKnownFileType = text.plist.xml; path = Info.plist; sourceTree = "<group>"; };
		DB3663CBD11BDFD2429E34E5 /* Pods-cornerClippingCrash.release.xcconfig */ = {isa = PBXFileReference; includeInIndex = 1; lastKnownFileType = text.xcconfig; name = "Pods-cornerClippingCrash.release.xcconfig"; path = "Pods/Target Support Files/Pods-cornerClippingCrash/Pods-cornerClippingCrash.release.xcconfig"; sourceTree = "<group>"; };
		DC9174CA706B9B009E56708E /* Pods-cornerClippingCrash.debug.xcconfig */ = {isa = PBXFileReference; includeInIndex = 1; lastKnownFileType = text.xcconfig; name = "Pods-cornerClippingCrash.debug.xcconfig"; path = "Pods/Target Support Files/Pods-cornerClippingCrash/Pods-cornerClippingCrash.debug.xcconfig"; sourceTree = "<group>"; };
/* End PBXFileReference section */

/* Begin PBXFrameworksBuildPhase section */
		99357F6C20F602F000F254EC /* Frameworks */ = {
			isa = PBXFrameworksBuildPhase;
			buildActionMask = 2147483647;
			files = (
				66F70E8DDA5CDE6775053F95 /* Pods_cornerClippingCrash.framework in Frameworks */,
			);
			runOnlyForDeploymentPostprocessing = 0;
		};
/* End PBXFrameworksBuildPhase section */

/* Begin PBXGroup section */
		3AADBFAC4BDAA3D1B35DAE4F /* Pods */ = {
			isa = PBXGroup;
			children = (
				DC9174CA706B9B009E56708E /* Pods-cornerClippingCrash.debug.xcconfig */,
				DB3663CBD11BDFD2429E34E5 /* Pods-cornerClippingCrash.release.xcconfig */,
			);
			name = Pods;
			sourceTree = "<group>";
		};
		99357F6620F602F000F254EC = {
			isa = PBXGroup;
			children = (
				99357F7120F602F000F254EC /* cornerClippingCrash */,
				99357F7020F602F000F254EC /* Products */,
				3AADBFAC4BDAA3D1B35DAE4F /* Pods */,
				B7C783B39C835852BD99CF57 /* Frameworks */,
			);
			sourceTree = "<group>";
		};
		99357F7020F602F000F254EC /* Products */ = {
			isa = PBXGroup;
			children = (
				99357F6F20F602F000F254EC /* cornerClippingCrash.app */,
			);
			name = Products;
			sourceTree = "<group>";
		};
		99357F7120F602F000F254EC /* cornerClippingCrash */ = {
			isa = PBXGroup;
			children = (
				99357F7220F602F000F254EC /* AppDelegate.swift */,
				99357F7420F602F000F254EC /* ViewController.swift */,
				99357F7620F602F000F254EC /* Main.storyboard */,
				99357F7920F602F200F254EC /* Assets.xcassets */,
				99357F7B20F602F200F254EC /* LaunchScreen.storyboard */,
				99357F7E20F602F200F254EC /* Info.plist */,
			);
			path = cornerClippingCrash;
			sourceTree = "<group>";
		};
		B7C783B39C835852BD99CF57 /* Frameworks */ = {
			isa = PBXGroup;
			children = (
				71BF3955B15720782AE5B338 /* Pods_cornerClippingCrash.framework */,
			);
			name = Frameworks;
			sourceTree = "<group>";
		};
/* End PBXGroup section */

/* Begin PBXNativeTarget section */
		99357F6E20F602F000F254EC /* cornerClippingCrash */ = {
			isa = PBXNativeTarget;
			buildConfigurationList = 99357F8120F602F200F254EC /* Build configuration list for PBXNativeTarget "cornerClippingCrash" */;
			buildPhases = (
				2E89B90836DB0626EC9D3D0C /* [CP] Check Pods Manifest.lock */,
				99357F6B20F602F000F254EC /* Sources */,
				99357F6C20F602F000F254EC /* Frameworks */,
				99357F6D20F602F000F254EC /* Resources */,
				B6B632E53F4B514454927232 /* [CP] Embed Pods Frameworks */,
			);
			buildRules = (
			);
			dependencies = (
			);
			name = cornerClippingCrash;
			productName = cornerClippingCrash;
			productReference = 99357F6F20F602F000F254EC /* cornerClippingCrash.app */;
			productType = "com.apple.product-type.application";
		};
/* End PBXNativeTarget section */

/* Begin PBXProject section */
		99357F6720F602F000F254EC /* Project object */ = {
			isa = PBXProject;
			attributes = {
				LastSwiftUpdateCheck = 0940;
				LastUpgradeCheck = 0940;
				ORGANIZATIONNAME = "Hang Yu";
				TargetAttributes = {
					99357F6E20F602F000F254EC = {
						CreatedOnToolsVersion = 9.4;
					};
				};
			};
			buildConfigurationList = 99357F6A20F602F000F254EC /* Build configuration list for PBXProject "cornerClippingCrash" */;
			compatibilityVersion = "Xcode 9.3";
			developmentRegion = en;
			hasScannedForEncodings = 0;
			knownRegions = (
				en,
				Base,
			);
			mainGroup = 99357F6620F602F000F254EC;
			productRefGroup = 99357F7020F602F000F254EC /* Products */;
			projectDirPath = "";
			projectRoot = "";
			targets = (
				99357F6E20F602F000F254EC /* cornerClippingCrash */,
			);
		};
/* End PBXProject section */

/* Begin PBXResourcesBuildPhase section */
		99357F6D20F602F000F254EC /* Resources */ = {
			isa = PBXResourcesBuildPhase;
			buildActionMask = 2147483647;
			files = (
				99357F7D20F602F200F254EC /* LaunchScreen.storyboard in Resources */,
				99357F7A20F602F200F254EC /* Assets.xcassets in Resources */,
				99357F7820F602F000F254EC /* Main.storyboard in Resources */,
			);
			runOnlyForDeploymentPostprocessing = 0;
		};
/* End PBXResourcesBuildPhase section */

/* Begin PBXShellScriptBuildPhase section */
		2E89B90836DB0626EC9D3D0C /* [CP] Check Pods Manifest.lock */ = {
			isa = PBXShellScriptBuildPhase;
			buildActionMask = 2147483647;
			files = (
			);
			inputPaths = (
				"${PODS_PODFILE_DIR_PATH}/Podfile.lock",
				"${PODS_ROOT}/Manifest.lock",
			);
			name = "[CP] Check Pods Manifest.lock";
			outputPaths = (
				"$(DERIVED_FILE_DIR)/Pods-cornerClippingCrash-checkManifestLockResult.txt",
			);
			runOnlyForDeploymentPostprocessing = 0;
			shellPath = /bin/sh;
			shellScript = "diff \"${PODS_PODFILE_DIR_PATH}/Podfile.lock\" \"${PODS_ROOT}/Manifest.lock\" > /dev/null\nif [ $? != 0 ] ; then\n    # print error to STDERR\n    echo \"error: The sandbox is not in sync with the Podfile.lock. Run 'pod install' or update your CocoaPods installation.\" >&2\n    exit 1\nfi\n# This output is used by Xcode 'outputs' to avoid re-running this script phase.\necho \"SUCCESS\" > \"${SCRIPT_OUTPUT_FILE_0}\"\n";
			showEnvVarsInLog = 0;
		};
		B6B632E53F4B514454927232 /* [CP] Embed Pods Frameworks */ = {
			isa = PBXShellScriptBuildPhase;
			buildActionMask = 2147483647;
			files = (
			);
			inputPaths = (
				"${SRCROOT}/Pods/Target Support Files/Pods-cornerClippingCrash/Pods-cornerClippingCrash-frameworks.sh",
				"${BUILT_PRODUCTS_DIR}/PINCache/PINCache.framework",
				"${BUILT_PRODUCTS_DIR}/PINOperation/PINOperation.framework",
				"${BUILT_PRODUCTS_DIR}/PINRemoteImage/PINRemoteImage.framework",
				"${BUILT_PRODUCTS_DIR}/Texture/AsyncDisplayKit.framework",
			);
			name = "[CP] Embed Pods Frameworks";
			outputPaths = (
				"${TARGET_BUILD_DIR}/${FRAMEWORKS_FOLDER_PATH}/PINCache.framework",
				"${TARGET_BUILD_DIR}/${FRAMEWORKS_FOLDER_PATH}/PINOperation.framework",
				"${TARGET_BUILD_DIR}/${FRAMEWORKS_FOLDER_PATH}/PINRemoteImage.framework",
				"${TARGET_BUILD_DIR}/${FRAMEWORKS_FOLDER_PATH}/AsyncDisplayKit.framework",
			);
			runOnlyForDeploymentPostprocessing = 0;
			shellPath = /bin/sh;
			shellScript = "\"${SRCROOT}/Pods/Target Support Files/Pods-cornerClippingCrash/Pods-cornerClippingCrash-frameworks.sh\"\n";
			showEnvVarsInLog = 0;
		};
/* End PBXShellScriptBuildPhase section */

/* Begin PBXSourcesBuildPhase section */
		99357F6B20F602F000F254EC /* Sources */ = {
			isa = PBXSourcesBuildPhase;
			buildActionMask = 2147483647;
			files = (
				99357F7520F602F000F254EC /* ViewController.swift in Sources */,
				99357F7320F602F000F254EC /* AppDelegate.swift in Sources */,
			);
			runOnlyForDeploymentPostprocessing = 0;
		};
/* End PBXSourcesBuildPhase section */

/* Begin PBXVariantGroup section */
		99357F7620F602F000F254EC /* Main.storyboard */ = {
			isa = PBXVariantGroup;
			children = (
				99357F7720F602F000F254EC /* Base */,
			);
			name = Main.storyboard;
			sourceTree = "<group>";
		};
		99357F7B20F602F200F254EC /* LaunchScreen.storyboard */ = {
			isa = PBXVariantGroup;
			children = (
				99357F7C20F602F200F254EC /* Base */,
			);
			name = LaunchScreen.storyboard;
			sourceTree = "<group>";
		};
/* End PBXVariantGroup section */

/* Begin XCBuildConfiguration section */
		99357F7F20F602F200F254EC /* Debug */ = {
			isa = XCBuildConfiguration;
			buildSettings = {
				ALWAYS_SEARCH_USER_PATHS = NO;
				CLANG_ANALYZER_NONNULL = YES;
				CLANG_ANALYZER_NUMBER_OBJECT_CONVERSION = YES_AGGRESSIVE;
				CLANG_CXX_LANGUAGE_STANDARD = "gnu++14";
				CLANG_CXX_LIBRARY = "libc++";
				CLANG_ENABLE_MODULES = YES;
				CLANG_ENABLE_OBJC_ARC = YES;
				CLANG_ENABLE_OBJC_WEAK = YES;
				CLANG_WARN_BLOCK_CAPTURE_AUTORELEASING = YES;
				CLANG_WARN_BOOL_CONVERSION = YES;
				CLANG_WARN_COMMA = YES;
				CLANG_WARN_CONSTANT_CONVERSION = YES;
				CLANG_WARN_DEPRECATED_OBJC_IMPLEMENTATIONS = YES;
				CLANG_WARN_DIRECT_OBJC_ISA_USAGE = YES_ERROR;
				CLANG_WARN_DOCUMENTATION_COMMENTS = YES;
				CLANG_WARN_EMPTY_BODY = YES;
				CLANG_WARN_ENUM_CONVERSION = YES;
				CLANG_WARN_INFINITE_RECURSION = YES;
				CLANG_WARN_INT_CONVERSION = YES;
				CLANG_WARN_NON_LITERAL_NULL_CONVERSION = YES;
				CLANG_WARN_OBJC_IMPLICIT_RETAIN_SELF = YES;
				CLANG_WARN_OBJC_LITERAL_CONVERSION = YES;
				CLANG_WARN_OBJC_ROOT_CLASS = YES_ERROR;
				CLANG_WARN_RANGE_LOOP_ANALYSIS = YES;
				CLANG_WARN_STRICT_PROTOTYPES = YES;
				CLANG_WARN_SUSPICIOUS_MOVE = YES;
				CLANG_WARN_UNGUARDED_AVAILABILITY = YES_AGGRESSIVE;
				CLANG_WARN_UNREACHABLE_CODE = YES;
				CLANG_WARN__DUPLICATE_METHOD_MATCH = YES;
				CODE_SIGN_IDENTITY = "iPhone Developer";
				COPY_PHASE_STRIP = NO;
				DEBUG_INFORMATION_FORMAT = dwarf;
				ENABLE_STRICT_OBJC_MSGSEND = YES;
				ENABLE_TESTABILITY = YES;
				GCC_C_LANGUAGE_STANDARD = gnu11;
				GCC_DYNAMIC_NO_PIC = NO;
				GCC_NO_COMMON_BLOCKS = YES;
				GCC_OPTIMIZATION_LEVEL = 0;
				GCC_PREPROCESSOR_DEFINITIONS = (
					"DEBUG=1",
					"$(inherited)",
				);
				GCC_WARN_64_TO_32_BIT_CONVERSION = YES;
				GCC_WARN_ABOUT_RETURN_TYPE = YES_ERROR;
				GCC_WARN_UNDECLARED_SELECTOR = YES;
				GCC_WARN_UNINITIALIZED_AUTOS = YES_AGGRESSIVE;
				GCC_WARN_UNUSED_FUNCTION = YES;
				GCC_WARN_UNUSED_VARIABLE = YES;
				IPHONEOS_DEPLOYMENT_TARGET = 11.4;
				MTL_ENABLE_DEBUG_INFO = YES;
				ONLY_ACTIVE_ARCH = YES;
				SDKROOT = iphoneos;
				SWIFT_ACTIVE_COMPILATION_CONDITIONS = DEBUG;
				SWIFT_OPTIMIZATION_LEVEL = "-Onone";
			};
			name = Debug;
		};
		99357F8020F602F200F254EC /* Release */ = {
			isa = XCBuildConfiguration;
			buildSettings = {
				ALWAYS_SEARCH_USER_PATHS = NO;
				CLANG_ANALYZER_NONNULL = YES;
				CLANG_ANALYZER_NUMBER_OBJECT_CONVERSION = YES_AGGRESSIVE;
				CLANG_CXX_LANGUAGE_STANDARD = "gnu++14";
				CLANG_CXX_LIBRARY = "libc++";
				CLANG_ENABLE_MODULES = YES;
				CLANG_ENABLE_OBJC_ARC = YES;
				CLANG_ENABLE_OBJC_WEAK = YES;
				CLANG_WARN_BLOCK_CAPTURE_AUTORELEASING = YES;
				CLANG_WARN_BOOL_CONVERSION = YES;
				CLANG_WARN_COMMA = YES;
				CLANG_WARN_CONSTANT_CONVERSION = YES;
				CLANG_WARN_DEPRECATED_OBJC_IMPLEMENTATIONS = YES;
				CLANG_WARN_DIRECT_OBJC_ISA_USAGE = YES_ERROR;
				CLANG_WARN_DOCUMENTATION_COMMENTS = YES;
				CLANG_WARN_EMPTY_BODY = YES;
				CLANG_WARN_ENUM_CONVERSION = YES;
				CLANG_WARN_INFINITE_RECURSION = YES;
				CLANG_WARN_INT_CONVERSION = YES;
				CLANG_WARN_NON_LITERAL_NULL_CONVERSION = YES;
				CLANG_WARN_OBJC_IMPLICIT_RETAIN_SELF = YES;
				CLANG_WARN_OBJC_LITERAL_CONVERSION = YES;
				CLANG_WARN_OBJC_ROOT_CLASS = YES_ERROR;
				CLANG_WARN_RANGE_LOOP_ANALYSIS = YES;
				CLANG_WARN_STRICT_PROTOTYPES = YES;
				CLANG_WARN_SUSPICIOUS_MOVE = YES;
				CLANG_WARN_UNGUARDED_AVAILABILITY = YES_AGGRESSIVE;
				CLANG_WARN_UNREACHABLE_CODE = YES;
				CLANG_WARN__DUPLICATE_METHOD_MATCH = YES;
				CODE_SIGN_IDENTITY = "iPhone Developer";
				COPY_PHASE_STRIP = NO;
				DEBUG_INFORMATION_FORMAT = "dwarf-with-dsym";
				ENABLE_NS_ASSERTIONS = NO;
				ENABLE_STRICT_OBJC_MSGSEND = YES;
				GCC_C_LANGUAGE_STANDARD = gnu11;
				GCC_NO_COMMON_BLOCKS = YES;
				GCC_WARN_64_TO_32_BIT_CONVERSION = YES;
				GCC_WARN_ABOUT_RETURN_TYPE = YES_ERROR;
				GCC_WARN_UNDECLARED_SELECTOR = YES;
				GCC_WARN_UNINITIALIZED_AUTOS = YES_AGGRESSIVE;
				GCC_WARN_UNUSED_FUNCTION = YES;
				GCC_WARN_UNUSED_VARIABLE = YES;
				IPHONEOS_DEPLOYMENT_TARGET = 11.4;
				MTL_ENABLE_DEBUG_INFO = NO;
				SDKROOT = iphoneos;
				SWIFT_COMPILATION_MODE = wholemodule;
				SWIFT_OPTIMIZATION_LEVEL = "-O";
				VALIDATE_PRODUCT = YES;
			};
			name = Release;
		};
		99357F8220F602F200F254EC /* Debug */ = {
			isa = XCBuildConfiguration;
			baseConfigurationReference = DC9174CA706B9B009E56708E /* Pods-cornerClippingCrash.debug.xcconfig */;
			buildSettings = {
				ASSETCATALOG_COMPILER_APPICON_NAME = AppIcon;
				CODE_SIGN_STYLE = Automatic;
				DEVELOPMENT_TEAM = 4CSCF7378L;
				INFOPLIST_FILE = cornerClippingCrash/Info.plist;
				LD_RUNPATH_SEARCH_PATHS = "$(inherited) @executable_path/Frameworks";
				PRODUCT_BUNDLE_IDENTIFIER = com.ruguoapp.cornerClippingCrash;
				PRODUCT_NAME = "$(TARGET_NAME)";
				SWIFT_VERSION = 4.0;
				TARGETED_DEVICE_FAMILY = "1,2";
			};
			name = Debug;
		};
		99357F8320F602F200F254EC /* Release */ = {
			isa = XCBuildConfiguration;
			baseConfigurationReference = DB3663CBD11BDFD2429E34E5 /* Pods-cornerClippingCrash.release.xcconfig */;
			buildSettings = {
				ASSETCATALOG_COMPILER_APPICON_NAME = AppIcon;
				CODE_SIGN_STYLE = Automatic;
				DEVELOPMENT_TEAM = 4CSCF7378L;
				INFOPLIST_FILE = cornerClippingCrash/Info.plist;
				LD_RUNPATH_SEARCH_PATHS = "$(inherited) @executable_path/Frameworks";
				PRODUCT_BUNDLE_IDENTIFIER = com.ruguoapp.cornerClippingCrash;
				PRODUCT_NAME = "$(TARGET_NAME)";
				SWIFT_VERSION = 4.0;
				TARGETED_DEVICE_FAMILY = "1,2";
			};
			name = Release;
		};
/* End XCBuildConfiguration section */

/* Begin XCConfigurationList section */
		99357F6A20F602F000F254EC /* Build configuration list for PBXProject "cornerClippingCrash" */ = {
			isa = XCConfigurationList;
			buildConfigurations = (
				99357F7F20F602F200F254EC /* Debug */,
				99357F8020F602F200F254EC /* Release */,
			);
			defaultConfigurationIsVisible = 0;
			defaultConfigurationName = Release;
		};
		99357F8120F602F200F254EC /* Build configuration list for PBXNativeTarget "cornerClippingCrash" */ = {
			isa = XCConfigurationList;
			buildConfigurations = (
				99357F8220F602F200F254EC /* Debug */,
				99357F8320F602F200F254EC /* Release */,
			);
			defaultConfigurationIsVisible = 0;
			defaultConfigurationName = Release;
		};
/* End XCConfigurationList section */
	};
	rootObject = 99357F6720F602F000F254EC /* Project object */;
}
